
Microsoft Visual Studio Solution File, Format Version 12.00
# Visual Studio Version 17
VisualStudioVersion = 17.5.002.0
MinimumVisualStudioVersion = 10.0.40219.1
Project("{2150E333-8FDC-42A3-9474-1A3956D46DE8}") = "AWS-SDK-for.NET", "AWS-SDK-for.NET", "{D864865B-D1F5-43C4-BA1D-621ECF635200}"
EndProject
Project("{9A19103F-16F7-4668-BE54-9A1E7A4F7556}") = "project1", "AWS-SDK-for.NET\project1\project1.csproj", "{92643C5D-3A95-49E8-B4B1-FA6B56B2231D}"
EndProject
Global
	GlobalSection(SolutionConfigurationPlatforms) = preSolution
		Debug|Any CPU = Debug|Any CPU
		Release|Any CPU = Release|Any CPU
	EndGlobalSection
	GlobalSection(ProjectConfigurationPlatforms) = postSolution
		{92643C5D-3A95-49E8-B4B1-FA6B56B2231D}.Debug|Any CPU.ActiveCfg = Debug|Any CPU
		{92643C5D-3A95-49E8-B4B1-FA6B56B2231D}.Debug|Any CPU.Build.0 = Debug|Any CPU
		{92643C5D-3A95-49E8-B4B1-FA6B56B2231D}.Release|Any CPU.ActiveCfg = Release|Any CPU
		{92643C5D-3A95-49E8-B4B1-FA6B56B2231D}.Release|Any CPU.Build.0 = Release|Any CPU
	EndGlobalSection
	GlobalSection(SolutionProperties) = preSolution
		HideSolutionNode = FALSE
	EndGlobalSection
	GlobalSection(NestedProjects) = preSolution
		{92643C5D-3A95-49E8-B4B1-FA6B56B2231D} = {D864865B-D1F5-43C4-BA1D-621ECF635200}
	EndGlobalSection
	GlobalSection(ExtensibilityGlobals) = postSolution
		SolutionGuid = {37B1705E-162D-46CF-95CE-3436358B28BA}
	EndGlobalSection
EndGlobal
